
Microsoft Visual Studio Solution File, Format Version 12.00
# Visual Studio Version 17
VisualStudioVersion = 17.9.34616.47
MinimumVisualStudioVersion = 10.0.40219.1
Project("{9A19103F-16F7-4668-BE54-9A1E7A4F7556}") = "FCentricProspections.Server", "FCentricProspections.Server\FCentricProspections.Server.csproj", "{7A219B31-F051-4282-B043-FCBF476ECD06}"
EndProject
Project("{54A90642-561A-4BB1-A94E-469ADEE60C69}") = "fcentricprospections.client", "fcentricprospections.client\fcentricprospections.client.esproj", "{061676B3-A2CB-4487-9570-676A4CBADA04}"
EndProject
Global
	GlobalSection(SolutionConfigurationPlatforms) = preSolution
		Debug|Any CPU = Debug|Any CPU
		Release|Any CPU = Release|Any CPU
	EndGlobalSection
	GlobalSection(ProjectConfigurationPlatforms) = postSolution
		{7A219B31-F051-4282-B043-FCBF476ECD06}.Debug|Any CPU.ActiveCfg = Debug|Any CPU
		{7A219B31-F051-4282-B043-FCBF476ECD06}.Debug|Any CPU.Build.0 = Debug|Any CPU
		{7A219B31-F051-4282-B043-FCBF476ECD06}.Release|Any CPU.ActiveCfg = Release|Any CPU
		{7A219B31-F051-4282-B043-FCBF476ECD06}.Release|Any CPU.Build.0 = Release|Any CPU
		{061676B3-A2CB-4487-9570-676A4CBADA04}.Debug|Any CPU.ActiveCfg = Debug|Any CPU
		{061676B3-A2CB-4487-9570-676A4CBADA04}.Debug|Any CPU.Build.0 = Debug|Any CPU
		{061676B3-A2CB-4487-9570-676A4CBADA04}.Debug|Any CPU.Deploy.0 = Debug|Any CPU
		{061676B3-A2CB-4487-9570-676A4CBADA04}.Release|Any CPU.ActiveCfg = Release|Any CPU
		{061676B3-A2CB-4487-9570-676A4CBADA04}.Release|Any CPU.Build.0 = Release|Any CPU
		{061676B3-A2CB-4487-9570-676A4CBADA04}.Release|Any CPU.Deploy.0 = Release|Any CPU
	EndGlobalSection
	GlobalSection(SolutionProperties) = preSolution
		HideSolutionNode = FALSE
	EndGlobalSection
	GlobalSection(ExtensibilityGlobals) = postSolution
		SolutionGuid = {08432705-53B7-4CC9-ACA8-5E3114EB28CE}
	EndGlobalSection
EndGlobal
