
Microsoft Visual Studio Solution File, Format Version 12.00
# Visual Studio Version 17
VisualStudioVersion = 17.9.34616.47
MinimumVisualStudioVersion = 10.0.40219.1
Project("{FAE04EC0-301F-11D3-BF4B-00C04F79EFBC}") = "FCentricProspections.Server", "FCentricProspections.Server\FCentricProspections.Server.csproj", "{A5BF1971-DC6B-43B8-9C22-028F205A499B}"
EndProject
Project("{54A90642-561A-4BB1-A94E-469ADEE60C69}") = "fcentricprospections.client", "fcentricprospections.client\fcentricprospections.client.esproj", "{BE68DCAD-18B9-4EA8-B094-94DBB53D3E6F}"
EndProject
Global
	GlobalSection(SolutionConfigurationPlatforms) = preSolution
		Debug|Any CPU = Debug|Any CPU
		Release|Any CPU = Release|Any CPU
	EndGlobalSection
	GlobalSection(ProjectConfigurationPlatforms) = postSolution
		{A5BF1971-DC6B-43B8-9C22-028F205A499B}.Debug|Any CPU.ActiveCfg = Debug|Any CPU
		{A5BF1971-DC6B-43B8-9C22-028F205A499B}.Debug|Any CPU.Build.0 = Debug|Any CPU
		{A5BF1971-DC6B-43B8-9C22-028F205A499B}.Release|Any CPU.ActiveCfg = Release|Any CPU
		{A5BF1971-DC6B-43B8-9C22-028F205A499B}.Release|Any CPU.Build.0 = Release|Any CPU
		{BE68DCAD-18B9-4EA8-B094-94DBB53D3E6F}.Debug|Any CPU.ActiveCfg = Debug|Any CPU
		{BE68DCAD-18B9-4EA8-B094-94DBB53D3E6F}.Debug|Any CPU.Build.0 = Debug|Any CPU
		{BE68DCAD-18B9-4EA8-B094-94DBB53D3E6F}.Debug|Any CPU.Deploy.0 = Debug|Any CPU
		{BE68DCAD-18B9-4EA8-B094-94DBB53D3E6F}.Release|Any CPU.ActiveCfg = Release|Any CPU
		{BE68DCAD-18B9-4EA8-B094-94DBB53D3E6F}.Release|Any CPU.Build.0 = Release|Any CPU
		{BE68DCAD-18B9-4EA8-B094-94DBB53D3E6F}.Release|Any CPU.Deploy.0 = Release|Any CPU
	EndGlobalSection
	GlobalSection(SolutionProperties) = preSolution
		HideSolutionNode = FALSE
	EndGlobalSection
	GlobalSection(ExtensibilityGlobals) = postSolution
		SolutionGuid = {A2323173-547B-4C13-B0D4-D73B8A7D0160}
	EndGlobalSection
EndGlobal
